<?xml version="1.0" encoding="UTF-8" standalone="yes" ?>
<CodeBlocks_project_file>
	<FileVersion major="1" minor="6" />
	<Project>
		<Option title="MultiThread" />
		<Option pch_mode="2" />
		<Option compiler="gcc" />
		<Build>
			<Target title="Debug">
				<Option output="bin/Debug/MultiThread" prefix_auto="1" extension_auto="1" />
				<Option object_output="obj/Debug/" />
				<Option type="1" />
				<Option compiler="gcc" />
				<Compiler>
					<Add option="-g" />
					<Add directory="include" />
				</Compiler>
			</Target>
			<Target title="Release">
				<Option output="bin/Release/MultiThread" prefix_auto="1" extension_auto="1" />
				<Option object_output="obj/Release/" />
				<Option type="1" />
				<Option compiler="gcc" />
				<Compiler>
					<Add option="-O2" />
					<Add directory="include" />
				</Compiler>
				<Linker>
					<Add option="-s" />
				</Linker>
			</Target>
		</Build>
		<Compiler>
			<Add option="-Wall" />
			<Add option="-fexceptions" />
			<Add directory="/usr/include/opencv4" />
			<Add directory="/home/pi/software/YoloRpiCam/include" />
		</Compiler>
		<Linker>
			<Add option="`pkg-config --libs --cflags opencv4`" />
			<Add option="-lpthread" />
		</Linker>
		<Unit filename="../YoloRpiCam/include/MJPG_sender.h" />
		<Unit filename="../YoloRpiCam/src/MJPG_sender.cpp" />
		<Unit filename="include/ThreadCam.h" />
		<Unit filename="src/ThreadCam.cpp" />
		<Unit filename="src/main.cpp" />
		<Extensions />
	</Project>
</CodeBlocks_project_file>
